
Microsoft Visual Studio Solution File, Format Version 12.00
# Visual Studio Version 16
VisualStudioVersion = 16.0.28729.10
MinimumVisualStudioVersion = 10.0.40219.1
Project("{FAE04EC0-301F-11D3-BF4B-00C04F79EFBC}") = "TesourariaOnline", "TesourariaOnline\TesourariaOnline.csproj", "{1EF5D048-C618-42FF-802E-CBF802277E5D}"
EndProject
Global
	GlobalSection(SolutionConfigurationPlatforms) = preSolution
		Debug|Any CPU = Debug|Any CPU
		Release|Any CPU = Release|Any CPU
	EndGlobalSection
	GlobalSection(ProjectConfigurationPlatforms) = postSolution
		{1EF5D048-C618-42FF-802E-CBF802277E5D}.Debug|Any CPU.ActiveCfg = Debug|Any CPU
		{1EF5D048-C618-42FF-802E-CBF802277E5D}.Debug|Any CPU.Build.0 = Debug|Any CPU
		{1EF5D048-C618-42FF-802E-CBF802277E5D}.Release|Any CPU.ActiveCfg = Release|Any CPU
		{1EF5D048-C618-42FF-802E-CBF802277E5D}.Release|Any CPU.Build.0 = Release|Any CPU
	EndGlobalSection
	GlobalSection(SolutionProperties) = preSolution
		HideSolutionNode = FALSE
	EndGlobalSection
	GlobalSection(ExtensibilityGlobals) = postSolution
		SolutionGuid = {0D6D2262-1241-4164-9431-3D5D9285953B}
	EndGlobalSection
EndGlobal
